// !$*UTF8*$!
{
	archiveVersion = 1;
	classes = {
	};
	objectVersion = 46;
	objects = {

/* Begin PBXBuildFile section */
		274EC8831F01769800925865 /* main.m in Sources */ = {isa = PBXBuildFile; fileRef = 274EC8821F01769800925865 /* main.m */; };
		274EC8861F01769800925865 /* AppDelegate.m in Sources */ = {isa = PBXBuildFile; fileRef = 274EC8851F01769800925865 /* AppDelegate.m */; };
		274EC8891F01769800925865 /* ViewController.m in Sources */ = {isa = PBXBuildFile; fileRef = 274EC8881F01769800925865 /* ViewController.m */; };
		274EC88C1F01769800925865 /* Main.storyboard in Resources */ = {isa = PBXBuildFile; fileRef = 274EC88A1F01769800925865 /* Main.storyboard */; };
		274EC88E1F01769800925865 /* Assets.xcassets in Resources */ = {isa = PBXBuildFile; fileRef = 274EC88D1F01769800925865 /* Assets.xcassets */; };
		274EC8911F01769800925865 /* LaunchScreen.storyboard in Resources */ = {isa = PBXBuildFile; fileRef = 274EC88F1F01769800925865 /* LaunchScreen.storyboard */; };
		274EC89C1F01769800925865 /* JPSqliteToolTests.m in Sources */ = {isa = PBXBuildFile; fileRef = 274EC89B1F01769800925865 /* JPSqliteToolTests.m */; };
		274EC8A71F01769800925865 /* JPSqliteToolUITests.m in Sources */ = {isa = PBXBuildFile; fileRef = 274EC8A61F01769800925865 /* JPSqliteToolUITests.m */; };
		274EC8BE1F0176AA00925865 /* JPModelTool.m in Sources */ = {isa = PBXBuildFile; fileRef = 274EC8B71F0176AA00925865 /* JPModelTool.m */; };
		274EC8BF1F0176AA00925865 /* JPSqliteModelTool.m in Sources */ = {isa = PBXBuildFile; fileRef = 274EC8B91F0176AA00925865 /* JPSqliteModelTool.m */; };
		274EC8C01F0176AA00925865 /* JPSqliteTool.m in Sources */ = {isa = PBXBuildFile; fileRef = 274EC8BB1F0176AA00925865 /* JPSqliteTool.m */; };
		274EC8C11F0176AA00925865 /* JPTableTool.m in Sources */ = {isa = PBXBuildFile; fileRef = 274EC8BD1F0176AA00925865 /* JPTableTool.m */; };
		274EC8C41F0176BA00925865 /* libsqlite3.0.tbd in Frameworks */ = {isa = PBXBuildFile; fileRef = 274EC8C31F0176BA00925865 /* libsqlite3.0.tbd */; };
/* End PBXBuildFile section */

/* Begin PBXContainerItemProxy section */
		274EC8981F01769800925865 /* PBXContainerItemProxy */ = {
			isa = PBXContainerItemProxy;
			containerPortal = 274EC8761F01769800925865 /* Project object */;
			proxyType = 1;
			remoteGlobalIDString = 274EC87D1F01769800925865;
			remoteInfo = JPSqliteTool;
		};
		274EC8A31F01769800925865 /* PBXContainerItemProxy */ = {
			isa = PBXContainerItemProxy;
			containerPortal = 274EC8761F01769800925865 /* Project object */;
			proxyType = 1;
			remoteGlobalIDString = 274EC87D1F01769800925865;
			remoteInfo = JPSqliteTool;
		};
/* End PBXContainerItemProxy section */

/* Begin PBXFileReference section */
		274EC87E1F01769800925865 /* JPSqliteTool.app */ = {isa = PBXFileReference; explicitFileType = wrapper.application; includeInIndex = 0; path = JPSqliteTool.app; sourceTree = BUILT_PRODUCTS_DIR; };
		274EC8821F01769800925865 /* main.m */ = {isa = PBXFileReference; lastKnownFileType = sourcecode.c.objc; path = main.m; sourceTree = "<group>"; };
		274EC8841F01769800925865 /* AppDelegate.h */ = {isa = PBXFileReference; lastKnownFileType = sourcecode.c.h; path = AppDelegate.h; sourceTree = "<group>"; };
		274EC8851F01769800925865 /* AppDelegate.m */ = {isa = PBXFileReference; lastKnownFileType = sourcecode.c.objc; path = AppDelegate.m; sourceTree = "<group>"; };
		274EC8871F01769800925865 /* ViewController.h */ = {isa = PBXFileReference; lastKnownFileType = sourcecode.c.h; path = ViewController.h; sourceTree = "<group>"; };
		274EC8881F01769800925865 /* ViewController.m */ = {isa = PBXFileReference; lastKnownFileType = sourcecode.c.objc; path = ViewController.m; sourceTree = "<group>"; };
		274EC88B1F01769800925865 /* Base */ = {isa = PBXFileReference; lastKnownFileType = file.storyboard; name = Base; path = Base.lproj/Main.storyboard; sourceTree = "<group>"; };
		274EC88D1F01769800925865 /* Assets.xcassets */ = {isa = PBXFileReference; lastKnownFileType = folder.assetcatalog; path = Assets.xcassets; sourceTree = "<group>"; };
		274EC8901F01769800925865 /* Base */ = {isa = PBXFileReference; lastKnownFileType = file.storyboard; name = Base; path = Base.lproj/LaunchScreen.storyboard; sourceTree = "<group>"; };
		274EC8921F01769800925865 /* Info.plist */ = {isa = PBXFileReference; lastKnownFileType = text.plist.xml; path = Info.plist; sourceTree = "<group>"; };
		274EC8971F01769800925865 /* JPSqliteToolTests.xctest */ = {isa = PBXFileReference; explicitFileType = wrapper.cfbundle; includeInIndex = 0; path = JPSqliteToolTests.xctest; sourceTree = BUILT_PRODUCTS_DIR; };
		274EC89B1F01769800925865 /* JPSqliteToolTests.m */ = {isa = PBXFileReference; lastKnownFileType = sourcecode.c.objc; path = JPSqliteToolTests.m; sourceTree = "<group>"; };
		274EC89D1F01769800925865 /* Info.plist */ = {isa = PBXFileReference; lastKnownFileType = text.plist.xml; path = Info.plist; sourceTree = "<group>"; };
		274EC8A21F01769800925865 /* JPSqliteToolUITests.xctest */ = {isa = PBXFileReference; explicitFileType = wrapper.cfbundle; includeInIndex = 0; path = JPSqliteToolUITests.xctest; sourceTree = BUILT_PRODUCTS_DIR; };
		274EC8A61F01769800925865 /* JPSqliteToolUITests.m */ = {isa = PBXFileReference; lastKnownFileType = sourcecode.c.objc; path = JPSqliteToolUITests.m; sourceTree = "<group>"; };
		274EC8A81F01769800925865 /* Info.plist */ = {isa = PBXFileReference; lastKnownFileType = text.plist.xml; path = Info.plist; sourceTree = "<group>"; };
		274EC8B51F0176AA00925865 /* JPModelProtocol.h */ = {isa = PBXFileReference; fileEncoding = 4; lastKnownFileType = sourcecode.c.h; path = JPModelProtocol.h; sourceTree = "<group>"; };
		274EC8B61F0176AA00925865 /* JPModelTool.h */ = {isa = PBXFileReference; fileEncoding = 4; lastKnownFileType = sourcecode.c.h; path = JPModelTool.h; sourceTree = "<group>"; };
		274EC8B71F0176AA00925865 /* JPModelTool.m */ = {isa = PBXFileReference; fileEncoding = 4; lastKnownFileType = sourcecode.c.objc; path = JPModelTool.m; sourceTree = "<group>"; };
		274EC8B81F0176AA00925865 /* JPSqliteModelTool.h */ = {isa = PBXFileReference; fileEncoding = 4; lastKnownFileType = sourcecode.c.h; path = JPSqliteModelTool.h; sourceTree = "<group>"; };
		274EC8B91F0176AA00925865 /* JPSqliteModelTool.m */ = {isa = PBXFileReference; fileEncoding = 4; lastKnownFileType = sourcecode.c.objc; path = JPSqliteModelTool.m; sourceTree = "<group>"; };
		274EC8BA1F0176AA00925865 /* JPSqliteTool.h */ = {isa = PBXFileReference; fileEncoding = 4; lastKnownFileType = sourcecode.c.h; path = JPSqliteTool.h; sourceTree = "<group>"; };
		274EC8BB1F0176AA00925865 /* JPSqliteTool.m */ = {isa = PBXFileReference; fileEncoding = 4; lastKnownFileType = sourcecode.c.objc; path = JPSqliteTool.m; sourceTree = "<group>"; };
		274EC8BC1F0176AA00925865 /* JPTableTool.h */ = {isa = PBXFileReference; fileEncoding = 4; lastKnownFileType = sourcecode.c.h; path = JPTableTool.h; sourceTree = "<group>"; };
		274EC8BD1F0176AA00925865 /* JPTableTool.m */ = {isa = PBXFileReference; fileEncoding = 4; lastKnownFileType = sourcecode.c.objc; path = JPTableTool.m; sourceTree = "<group>"; };
		274EC8C31F0176BA00925865 /* libsqlite3.0.tbd */ = {isa = PBXFileReference; lastKnownFileType = "sourcecode.text-based-dylib-definition"; name = libsqlite3.0.tbd; path = usr/lib/libsqlite3.0.tbd; sourceTree = SDKROOT; };
/* End PBXFileReference section */

/* Begin PBXFrameworksBuildPhase section */
		274EC87B1F01769800925865 /* Frameworks */ = {
			isa = PBXFrameworksBuildPhase;
			buildActionMask = 2147483647;
			files = (
				274EC8C41F0176BA00925865 /* libsqlite3.0.tbd in Frameworks */,
			);
			runOnlyForDeploymentPostprocessing = 0;
		};
		274EC8941F01769800925865 /* Frameworks */ = {
			isa = PBXFrameworksBuildPhase;
			buildActionMask = 2147483647;
			files = (
			);
			runOnlyForDeploymentPostprocessing = 0;
		};
		274EC89F1F01769800925865 /* Frameworks */ = {
			isa = PBXFrameworksBuildPhase;
			buildActionMask = 2147483647;
			files = (
			);
			runOnlyForDeploymentPostprocessing = 0;
		};
/* End PBXFrameworksBuildPhase section */

/* Begin PBXGroup section */
		274EC8751F01769800925865 = {
			isa = PBXGroup;
			children = (
				274EC8801F01769800925865 /* JPSqliteTool */,
				274EC89A1F01769800925865 /* JPSqliteToolTests */,
				274EC8A51F01769800925865 /* JPSqliteToolUITests */,
				274EC87F1F01769800925865 /* Products */,
				274EC8C21F0176BA00925865 /* Frameworks */,
			);
			sourceTree = "<group>";
		};
		274EC87F1F01769800925865 /* Products */ = {
			isa = PBXGroup;
			children = (
				274EC87E1F01769800925865 /* JPSqliteTool.app */,
				274EC8971F01769800925865 /* JPSqliteToolTests.xctest */,
				274EC8A21F01769800925865 /* JPSqliteToolUITests.xctest */,
			);
			name = Products;
			sourceTree = "<group>";
		};
		274EC8801F01769800925865 /* JPSqliteTool */ = {
			isa = PBXGroup;
			children = (
				274EC8B41F0176AA00925865 /* Classes */,
				274EC8841F01769800925865 /* AppDelegate.h */,
				274EC8851F01769800925865 /* AppDelegate.m */,
				274EC8871F01769800925865 /* ViewController.h */,
				274EC8881F01769800925865 /* ViewController.m */,
				274EC88A1F01769800925865 /* Main.storyboard */,
				274EC88D1F01769800925865 /* Assets.xcassets */,
				274EC88F1F01769800925865 /* LaunchScreen.storyboard */,
				274EC8921F01769800925865 /* Info.plist */,
				274EC8811F01769800925865 /* Supporting Files */,
			);
			path = JPSqliteTool;
			sourceTree = "<group>";
		};
		274EC8811F01769800925865 /* Supporting Files */ = {
			isa = PBXGroup;
			children = (
				274EC8821F01769800925865 /* main.m */,
			);
			name = "Supporting Files";
			sourceTree = "<group>";
		};
		274EC89A1F01769800925865 /* JPSqliteToolTests */ = {
			isa = PBXGroup;
			children = (
				274EC89B1F01769800925865 /* JPSqliteToolTests.m */,
				274EC89D1F01769800925865 /* Info.plist */,
			);
			path = JPSqliteToolTests;
			sourceTree = "<group>";
		};
		274EC8A51F01769800925865 /* JPSqliteToolUITests */ = {
			isa = PBXGroup;
			children = (
				274EC8A61F01769800925865 /* JPSqliteToolUITests.m */,
				274EC8A81F01769800925865 /* Info.plist */,
			);
			path = JPSqliteToolUITests;
			sourceTree = "<group>";
		};
		274EC8B41F0176AA00925865 /* Classes */ = {
			isa = PBXGroup;
			children = (
				274EC8B51F0176AA00925865 /* JPModelProtocol.h */,
				274EC8B61F0176AA00925865 /* JPModelTool.h */,
				274EC8B71F0176AA00925865 /* JPModelTool.m */,
				274EC8B81F0176AA00925865 /* JPSqliteModelTool.h */,
				274EC8B91F0176AA00925865 /* JPSqliteModelTool.m */,
				274EC8BA1F0176AA00925865 /* JPSqliteTool.h */,
				274EC8BB1F0176AA00925865 /* JPSqliteTool.m */,
				274EC8BC1F0176AA00925865 /* JPTableTool.h */,
				274EC8BD1F0176AA00925865 /* JPTableTool.m */,
			);
			path = Classes;
			sourceTree = "<group>";
		};
		274EC8C21F0176BA00925865 /* Frameworks */ = {
			isa = PBXGroup;
			children = (
				274EC8C31F0176BA00925865 /* libsqlite3.0.tbd */,
			);
			name = Frameworks;
			sourceTree = "<group>";
		};
/* End PBXGroup section */

/* Begin PBXNativeTarget section */
		274EC87D1F01769800925865 /* JPSqliteTool */ = {
			isa = PBXNativeTarget;
			buildConfigurationList = 274EC8AB1F01769800925865 /* Build configuration list for PBXNativeTarget "JPSqliteTool" */;
			buildPhases = (
				274EC87A1F01769800925865 /* Sources */,
				274EC87B1F01769800925865 /* Frameworks */,
				274EC87C1F01769800925865 /* Resources */,
			);
			buildRules = (
			);
			dependencies = (
			);
			name = JPSqliteTool;
			productName = JPSqliteTool;
			productReference = 274EC87E1F01769800925865 /* JPSqliteTool.app */;
			productType = "com.apple.product-type.application";
		};
		274EC8961F01769800925865 /* JPSqliteToolTests */ = {
			isa = PBXNativeTarget;
			buildConfigurationList = 274EC8AE1F01769800925865 /* Build configuration list for PBXNativeTarget "JPSqliteToolTests" */;
			buildPhases = (
				274EC8931F01769800925865 /* Sources */,
				274EC8941F01769800925865 /* Frameworks */,
				274EC8951F01769800925865 /* Resources */,
			);
			buildRules = (
			);
			dependencies = (
				274EC8991F01769800925865 /* PBXTargetDependency */,
			);
			name = JPSqliteToolTests;
			productName = JPSqliteToolTests;
			productReference = 274EC8971F01769800925865 /* JPSqliteToolTests.xctest */;
			productType = "com.apple.product-type.bundle.unit-test";
		};
		274EC8A11F01769800925865 /* JPSqliteToolUITests */ = {
			isa = PBXNativeTarget;
			buildConfigurationList = 274EC8B11F01769800925865 /* Build configuration list for PBXNativeTarget "JPSqliteToolUITests" */;
			buildPhases = (
				274EC89E1F01769800925865 /* Sources */,
				274EC89F1F01769800925865 /* Frameworks */,
				274EC8A01F01769800925865 /* Resources */,
			);
			buildRules = (
			);
			dependencies = (
				274EC8A41F01769800925865 /* PBXTargetDependency */,
			);
			name = JPSqliteToolUITests;
			productName = JPSqliteToolUITests;
			productReference = 274EC8A21F01769800925865 /* JPSqliteToolUITests.xctest */;
			productType = "com.apple.product-type.bundle.ui-testing";
		};
/* End PBXNativeTarget section */

/* Begin PBXProject section */
		274EC8761F01769800925865 /* Project object */ = {
			isa = PBXProject;
			attributes = {
				LastUpgradeCheck = 0830;
				ORGANIZATIONNAME = JUMPING;
				TargetAttributes = {
					274EC87D1F01769800925865 = {
						CreatedOnToolsVersion = 8.3.2;
						DevelopmentTeam = 3SMW966T64;
						ProvisioningStyle = Automatic;
					};
					274EC8961F01769800925865 = {
						CreatedOnToolsVersion = 8.3.2;
						DevelopmentTeam = 3SMW966T64;
						ProvisioningStyle = Automatic;
						TestTargetID = 274EC87D1F01769800925865;
					};
					274EC8A11F01769800925865 = {
						CreatedOnToolsVersion = 8.3.2;
						DevelopmentTeam = 3SMW966T64;
						ProvisioningStyle = Automatic;
						TestTargetID = 274EC87D1F01769800925865;
					};
				};
			};
			buildConfigurationList = 274EC8791F01769800925865 /* Build configuration list for PBXProject "JPSqliteTool" */;
			compatibilityVersion = "Xcode 3.2";
			developmentRegion = English;
			hasScannedForEncodings = 0;
			knownRegions = (
				en,
				Base,
			);
			mainGroup = 274EC8751F01769800925865;
			productRefGroup = 274EC87F1F01769800925865 /* Products */;
			projectDirPath = "";
			projectRoot = "";
			targets = (
				274EC87D1F01769800925865 /* JPSqliteTool */,
				274EC8961F01769800925865 /* JPSqliteToolTests */,
				274EC8A11F01769800925865 /* JPSqliteToolUITests */,
			);
		};
/* End PBXProject section */

/* Begin PBXResourcesBuildPhase section */
		274EC87C1F01769800925865 /* Resources */ = {
			isa = PBXResourcesBuildPhase;
			buildActionMask = 2147483647;
			files = (
				274EC8911F01769800925865 /* LaunchScreen.storyboard in Resources */,
				274EC88E1F01769800925865 /* Assets.xcassets in Resources */,
				274EC88C1F01769800925865 /* Main.storyboard in Resources */,
			);
			runOnlyForDeploymentPostprocessing = 0;
		};
		274EC8951F01769800925865 /* Resources */ = {
			isa = PBXResourcesBuildPhase;
			buildActionMask = 2147483647;
			files = (
			);
			runOnlyForDeploymentPostprocessing = 0;
		};
		274EC8A01F01769800925865 /* Resources */ = {
			isa = PBXResourcesBuildPhase;
			buildActionMask = 2147483647;
			files = (
			);
			runOnlyForDeploymentPostprocessing = 0;
		};
/* End PBXResourcesBuildPhase section */

/* Begin PBXSourcesBuildPhase section */
		274EC87A1F01769800925865 /* Sources */ = {
			isa = PBXSourcesBuildPhase;
			buildActionMask = 2147483647;
			files = (
				274EC8BE1F0176AA00925865 /* JPModelTool.m in Sources */,
				274EC8891F01769800925865 /* ViewController.m in Sources */,
				274EC8C01F0176AA00925865 /* JPSqliteTool.m in Sources */,
				274EC8861F01769800925865 /* AppDelegate.m in Sources */,
				274EC8C11F0176AA00925865 /* JPTableTool.m in Sources */,
				274EC8BF1F0176AA00925865 /* JPSqliteModelTool.m in Sources */,
				274EC8831F01769800925865 /* main.m in Sources */,
			);
			runOnlyForDeploymentPostprocessing = 0;
		};
		274EC8931F01769800925865 /* Sources */ = {
			isa = PBXSourcesBuildPhase;
			buildActionMask = 2147483647;
			files = (
				274EC89C1F01769800925865 /* JPSqliteToolTests.m in Sources */,
			);
			runOnlyForDeploymentPostprocessing = 0;
		};
		274EC89E1F01769800925865 /* Sources */ = {
			isa = PBXSourcesBuildPhase;
			buildActionMask = 2147483647;
			files = (
				274EC8A71F01769800925865 /* JPSqliteToolUITests.m in Sources */,
			);
			runOnlyForDeploymentPostprocessing = 0;
		};
/* End PBXSourcesBuildPhase section */

/* Begin PBXTargetDependency section */
		274EC8991F01769800925865 /* PBXTargetDependency */ = {
			isa = PBXTargetDependency;
			target = 274EC87D1F01769800925865 /* JPSqliteTool */;
			targetProxy = 274EC8981F01769800925865 /* PBXContainerItemProxy */;
		};
		274EC8A41F01769800925865 /* PBXTargetDependency */ = {
			isa = PBXTargetDependency;
			target = 274EC87D1F01769800925865 /* JPSqliteTool */;
			targetProxy = 274EC8A31F01769800925865 /* PBXContainerItemProxy */;
		};
/* End PBXTargetDependency section */

/* Begin PBXVariantGroup section */
		274EC88A1F01769800925865 /* Main.storyboard */ = {
			isa = PBXVariantGroup;
			children = (
				274EC88B1F01769800925865 /* Base */,
			);
			name = Main.storyboard;
			sourceTree = "<group>";
		};
		274EC88F1F01769800925865 /* LaunchScreen.storyboard */ = {
			isa = PBXVariantGroup;
			children = (
				274EC8901F01769800925865 /* Base */,
			);
			name = LaunchScreen.storyboard;
			sourceTree = "<group>";
		};
/* End PBXVariantGroup section */

/* Begin XCBuildConfiguration section */
		274EC8A91F01769800925865 /* Debug */ = {
			isa = XCBuildConfiguration;
			buildSettings = {
				ALWAYS_SEARCH_USER_PATHS = NO;
				CLANG_ANALYZER_NONNULL = YES;
				CLANG_ANALYZER_NUMBER_OBJECT_CONVERSION = YES_AGGRESSIVE;
				CLANG_CXX_LANGUAGE_STANDARD = "gnu++0x";
				CLANG_CXX_LIBRARY = "libc++";
				CLANG_ENABLE_MODULES = YES;
				CLANG_ENABLE_OBJC_ARC = YES;
				CLANG_WARN_BOOL_CONVERSION = YES;
				CLANG_WARN_CONSTANT_CONVERSION = YES;
				CLANG_WARN_DIRECT_OBJC_ISA_USAGE = YES_ERROR;
				CLANG_WARN_DOCUMENTATION_COMMENTS = YES;
				CLANG_WARN_EMPTY_BODY = YES;
				CLANG_WARN_ENUM_CONVERSION = YES;
				CLANG_WARN_INFINITE_RECURSION = YES;
				CLANG_WARN_INT_CONVERSION = YES;
				CLANG_WARN_OBJC_ROOT_CLASS = YES_ERROR;
				CLANG_WARN_SUSPICIOUS_MOVE = YES;
				CLANG_WARN_UNREACHABLE_CODE = YES;
				CLANG_WARN__DUPLICATE_METHOD_MATCH = YES;
				"CODE_SIGN_IDENTITY[sdk=iphoneos*]" = "iPhone Developer";
				COPY_PHASE_STRIP = NO;
				DEBUG_INFORMATION_FORMAT = dwarf;
				ENABLE_STRICT_OBJC_MSGSEND = YES;
				ENABLE_TESTABILITY = YES;
				GCC_C_LANGUAGE_STANDARD = gnu99;
				GCC_DYNAMIC_NO_PIC = NO;
				GCC_NO_COMMON_BLOCKS = YES;
				GCC_OPTIMIZATION_LEVEL = 0;
				GCC_PREPROCESSOR_DEFINITIONS = (
					"DEBUG=1",
					"$(inherited)",
				);
				GCC_WARN_64_TO_32_BIT_CONVERSION = YES;
				GCC_WARN_ABOUT_RETURN_TYPE = YES_ERROR;
				GCC_WARN_UNDECLARED_SELECTOR = YES;
				GCC_WARN_UNINITIALIZED_AUTOS = YES_AGGRESSIVE;
				GCC_WARN_UNUSED_FUNCTION = YES;
				GCC_WARN_UNUSED_VARIABLE = YES;
				IPHONEOS_DEPLOYMENT_TARGET = 10.3;
				MTL_ENABLE_DEBUG_INFO = YES;
				ONLY_ACTIVE_ARCH = YES;
				SDKROOT = iphoneos;
				TARGETED_DEVICE_FAMILY = "1,2";
			};
			name = Debug;
		};
		274EC8AA1F01769800925865 /* Release */ = {
			isa = XCBuildConfiguration;
			buildSettings = {
				ALWAYS_SEARCH_USER_PATHS = NO;
				CLANG_ANALYZER_NONNULL = YES;
				CLANG_ANALYZER_NUMBER_OBJECT_CONVERSION = YES_AGGRESSIVE;
				CLANG_CXX_LANGUAGE_STANDARD = "gnu++0x";
				CLANG_CXX_LIBRARY = "libc++";
				CLANG_ENABLE_MODULES = YES;
				CLANG_ENABLE_OBJC_ARC = YES;
				CLANG_WARN_BOOL_CONVERSION = YES;
				CLANG_WARN_CONSTANT_CONVERSION = YES;
				CLANG_WARN_DIRECT_OBJC_ISA_USAGE = YES_ERROR;
				CLANG_WARN_DOCUMENTATION_COMMENTS = YES;
				CLANG_WARN_EMPTY_BODY = YES;
				CLANG_WARN_ENUM_CONVERSION = YES;
				CLANG_WARN_INFINITE_RECURSION = YES;
				CLANG_WARN_INT_CONVERSION = YES;
				CLANG_WARN_OBJC_ROOT_CLASS = YES_ERROR;
				CLANG_WARN_SUSPICIOUS_MOVE = YES;
				CLANG_WARN_UNREACHABLE_CODE = YES;
				CLANG_WARN__DUPLICATE_METHOD_MATCH = YES;
				"CODE_SIGN_IDENTITY[sdk=iphoneos*]" = "iPhone Developer";
				COPY_PHASE_STRIP = NO;
				DEBUG_INFORMATION_FORMAT = "dwarf-with-dsym";
				ENABLE_NS_ASSERTIONS = NO;
				ENABLE_STRICT_OBJC_MSGSEND = YES;
				GCC_C_LANGUAGE_STANDARD = gnu99;
				GCC_NO_COMMON_BLOCKS = YES;
				GCC_WARN_64_TO_32_BIT_CONVERSION = YES;
				GCC_WARN_ABOUT_RETURN_TYPE = YES_ERROR;
				GCC_WARN_UNDECLARED_SELECTOR = YES;
				GCC_WARN_UNINITIALIZED_AUTOS = YES_AGGRESSIVE;
				GCC_WARN_UNUSED_FUNCTION = YES;
				GCC_WARN_UNUSED_VARIABLE = YES;
				IPHONEOS_DEPLOYMENT_TARGET = 10.3;
				MTL_ENABLE_DEBUG_INFO = NO;
				SDKROOT = iphoneos;
				TARGETED_DEVICE_FAMILY = "1,2";
				VALIDATE_PRODUCT = YES;
			};
			name = Release;
		};
		274EC8AC1F01769800925865 /* Debug */ = {
			isa = XCBuildConfiguration;
			buildSettings = {
				ASSETCATALOG_COMPILER_APPICON_NAME = AppIcon;
				DEVELOPMENT_TEAM = 3SMW966T64;
				INFOPLIST_FILE = JPSqliteTool/Info.plist;
				LD_RUNPATH_SEARCH_PATHS = "$(inherited) @executable_path/Frameworks";
				PRODUCT_BUNDLE_IDENTIFIER = com.jumping.JPSqliteTool;
				PRODUCT_NAME = "$(TARGET_NAME)";
			};
			name = Debug;
		};
		274EC8AD1F01769800925865 /* Release */ = {
			isa = XCBuildConfiguration;
			buildSettings = {
				ASSETCATALOG_COMPILER_APPICON_NAME = AppIcon;
				DEVELOPMENT_TEAM = 3SMW966T64;
				INFOPLIST_FILE = JPSqliteTool/Info.plist;
				LD_RUNPATH_SEARCH_PATHS = "$(inherited) @executable_path/Frameworks";
				PRODUCT_BUNDLE_IDENTIFIER = com.jumping.JPSqliteTool;
				PRODUCT_NAME = "$(TARGET_NAME)";
			};
			name = Release;
		};
		274EC8AF1F01769800925865 /* Debug */ = {
			isa = XCBuildConfiguration;
			buildSettings = {
				BUNDLE_LOADER = "$(TEST_HOST)";
				DEVELOPMENT_TEAM = 3SMW966T64;
				INFOPLIST_FILE = JPSqliteToolTests/Info.plist;
				LD_RUNPATH_SEARCH_PATHS = "$(inherited) @executable_path/Frameworks @loader_path/Frameworks";
				PRODUCT_BUNDLE_IDENTIFIER = com.jumping.JPSqliteToolTests;
				PRODUCT_NAME = "$(TARGET_NAME)";
				TEST_HOST = "$(BUILT_PRODUCTS_DIR)/JPSqliteTool.app/JPSqliteTool";
			};
			name = Debug;
		};
		274EC8B01F01769800925865 /* Release */ = {
			isa = XCBuildConfiguration;
			buildSettings = {
				BUNDLE_LOADER = "$(TEST_HOST)";
				DEVELOPMENT_TEAM = 3SMW966T64;
				INFOPLIST_FILE = JPSqliteToolTests/Info.plist;
				LD_RUNPATH_SEARCH_PATHS = "$(inherited) @executable_path/Frameworks @loader_path/Frameworks";
				PRODUCT_BUNDLE_IDENTIFIER = com.jumping.JPSqliteToolTests;
				PRODUCT_NAME = "$(TARGET_NAME)";
				TEST_HOST = "$(BUILT_PRODUCTS_DIR)/JPSqliteTool.app/JPSqliteTool";
			};
			name = Release;
		};
		274EC8B21F01769800925865 /* Debug */ = {
			isa = XCBuildConfiguration;
			buildSettings = {
				DEVELOPMENT_TEAM = 3SMW966T64;
				INFOPLIST_FILE = JPSqliteToolUITests/Info.plist;
				LD_RUNPATH_SEARCH_PATHS = "$(inherited) @executable_path/Frameworks @loader_path/Frameworks";
				PRODUCT_BUNDLE_IDENTIFIER = com.jumping.JPSqliteToolUITests;
				PRODUCT_NAME = "$(TARGET_NAME)";
				TEST_TARGET_NAME = JPSqliteTool;
			};
			name = Debug;
		};
		274EC8B31F01769800925865 /* Release */ = {
			isa = XCBuildConfiguration;
			buildSettings = {
				DEVELOPMENT_TEAM = 3SMW966T64;
				INFOPLIST_FILE = JPSqliteToolUITests/Info.plist;
				LD_RUNPATH_SEARCH_PATHS = "$(inherited) @executable_path/Frameworks @loader_path/Frameworks";
				PRODUCT_BUNDLE_IDENTIFIER = com.jumping.JPSqliteToolUITests;
				PRODUCT_NAME = "$(TARGET_NAME)";
				TEST_TARGET_NAME = JPSqliteTool;
			};
			name = Release;
		};
/* End XCBuildConfiguration section */

/* Begin XCConfigurationList section */
		274EC8791F01769800925865 /* Build configuration list for PBXProject "JPSqliteTool" */ = {
			isa = XCConfigurationList;
			buildConfigurations = (
				274EC8A91F01769800925865 /* Debug */,
				274EC8AA1F01769800925865 /* Release */,
			);
			defaultConfigurationIsVisible = 0;
			defaultConfigurationName = Release;
		};
		274EC8AB1F01769800925865 /* Build configuration list for PBXNativeTarget "JPSqliteTool" */ = {
			isa = XCConfigurationList;
			buildConfigurations = (
				274EC8AC1F01769800925865 /* Debug */,
				274EC8AD1F01769800925865 /* Release */,
			);
			defaultConfigurationIsVisible = 0;
		};
		274EC8AE1F01769800925865 /* Build configuration list for PBXNativeTarget "JPSqliteToolTests" */ = {
			isa = XCConfigurationList;
			buildConfigurations = (
				274EC8AF1F01769800925865 /* Debug */,
				274EC8B01F01769800925865 /* Release */,
			);
			defaultConfigurationIsVisible = 0;
		};
		274EC8B11F01769800925865 /* Build configuration list for PBXNativeTarget "JPSqliteToolUITests" */ = {
			isa = XCConfigurationList;
			buildConfigurations = (
				274EC8B21F01769800925865 /* Debug */,
				274EC8B31F01769800925865 /* Release */,
			);
			defaultConfigurationIsVisible = 0;
		};
/* End XCConfigurationList section */
	};
	rootObject = 274EC8761F01769800925865 /* Project object */;
}
